Microsoft Visual Studio Solution File, Format Version 11.00
# Visual Studio 2008

Project("{4E221FC0-84BB-69A8-2315-A154D6DD7879}") = "Race", "Assembly-CSharp-firstpass.csproj", "{C4F4B989-F995-C5FE-7E84-C3D4D8AE9D9E}"
EndProject
Project("{4E221FC0-84BB-69A8-2315-A154D6DD7879}") = "Race", "Assembly-CSharp.csproj", "{95BB74CC-6BA7-EBF2-E8B4-5BDD68586A20}"
EndProject
Project("{4E221FC0-84BB-69A8-2315-A154D6DD7879}") = "Race", "Assembly-CSharp-Editor.csproj", "{FC0A9030-9A23-3E40-BEBF-C7ABF552E006}"
EndProject
Global
	GlobalSection(SolutionConfigurationPlatforms) = preSolution
		Debug|Any CPU = Debug|Any CPU
		Release|Any CPU = Release|Any CPU
	EndGlobalSection
	GlobalSection(ProjectConfigurationPlatforms) = postSolution
		{C4F4B989-F995-C5FE-7E84-C3D4D8AE9D9E}.Debug|Any CPU.ActiveCfg = Debug|Any CPU
		{C4F4B989-F995-C5FE-7E84-C3D4D8AE9D9E}.Debug|Any CPU.Build.0 = Debug|Any CPU
		{C4F4B989-F995-C5FE-7E84-C3D4D8AE9D9E}.Release|Any CPU.ActiveCfg = Release|Any CPU
		{C4F4B989-F995-C5FE-7E84-C3D4D8AE9D9E}.Release|Any CPU.Build.0 = Release|Any CPU
		{95BB74CC-6BA7-EBF2-E8B4-5BDD68586A20}.Debug|Any CPU.ActiveCfg = Debug|Any CPU
		{95BB74CC-6BA7-EBF2-E8B4-5BDD68586A20}.Debug|Any CPU.Build.0 = Debug|Any CPU
		{95BB74CC-6BA7-EBF2-E8B4-5BDD68586A20}.Release|Any CPU.ActiveCfg = Release|Any CPU
		{95BB74CC-6BA7-EBF2-E8B4-5BDD68586A20}.Release|Any CPU.Build.0 = Release|Any CPU
		{FC0A9030-9A23-3E40-BEBF-C7ABF552E006}.Debug|Any CPU.ActiveCfg = Debug|Any CPU
		{FC0A9030-9A23-3E40-BEBF-C7ABF552E006}.Debug|Any CPU.Build.0 = Debug|Any CPU
		{FC0A9030-9A23-3E40-BEBF-C7ABF552E006}.Release|Any CPU.ActiveCfg = Release|Any CPU
		{FC0A9030-9A23-3E40-BEBF-C7ABF552E006}.Release|Any CPU.Build.0 = Release|Any CPU
	EndGlobalSection
	GlobalSection(SolutionProperties) = preSolution
		HideSolutionNode = FALSE
	EndGlobalSection
																														GlobalSection(MonoDevelopProperties) = preSolution
		StartupItem = Assembly-CSharp.csproj
		Policies = $0
		$0.TextStylePolicy = $1
		$1.inheritsSet = null
		$1.scope = text/x-csharp
		$0.CSharpFormattingPolicy = $2
		$2.inheritsSet = Mono
		$2.inheritsScope = text/x-csharp
		$2.scope = text/x-csharp
		$0.TextStylePolicy = $3
		$3.FileWidth = 120
		$3.TabWidth = 4
		$3.EolMarker = Unix
		$3.inheritsSet = Mono
		$3.inheritsScope = text/plain
		$3.scope = text/plain
	EndGlobalSection

EndGlobal
